lockfileVersion: 5.3

specifiers:
  '@vitejs/plugin-vue': ^1.2.4
  '@vue/compiler-sfc': ^3.0.5
  aegis-web-sdk: ^1.24.49
  animate.css: ^4.1.1
  fastrx: ^3.0.7
  less: ^4.1.2
  loggly: ^1.1.1
  naive-ui: ^2.19.8
  vfonts: ^0.1.0
  vite: ^2.4.0
  vue: ^3.0.5

dependencies:
  aegis-web-sdk: 1.35.21
  animate.css: 4.1.1
  fastrx: 3.1.3
  loggly: 1.1.1
  vue: 3.2.31

devDependencies:
  '@vitejs/plugin-vue': 1.10.2_vite@2.8.5
  '@vue/compiler-sfc': 3.2.31
  less: 4.1.2
  naive-ui: 2.25.8_vue@3.2.31
  vfonts: 0.1.0
  vite: 2.8.5_less@4.1.2

packages:

  /@babel/parser/7.17.3:
    resolution: {integrity: sha512-7yJPvPV+ESz2IUTPbOL+YkIGyCqOyNIzdguKQuJGnH7bg1WTIifuM21YqokFt/THWh1AkCRn9IgoykTRCBVpzA==}
    engines: {node: '>=6.0.0'}
    hasBin: true

  /@css-render/plugin-bem/0.15.8_css-render@0.15.8:
    resolution: {integrity: sha512-rJMFBaqZGrezs1d0vPB7hZTSkfFEgcdWxPMtLUmm9PAOioWtw+Knb9A0xU0bYazPKDo0SoNVVcd1Qd1LXD9x4Q==}
    peerDependencies:
      css-render: ~0.15.8
    dependencies:
      css-render: 0.15.8
    dev: true

  /@css-render/vue3-ssr/0.15.8_vue@3.2.31:
    resolution: {integrity: sha512-zPFyOH47hEcyRgoIjNEwzYqZEq/LEXPafDXY/9EMpvgCmsPhW1bpC3w8YwAISaP519QesJ/8aNDL/xWKpwXBvQ==}
    peerDependencies:
      vue: ^3.0.11
    dependencies:
      vue: 3.2.31
    dev: true

  /@emotion/hash/0.8.0:
    resolution: {integrity: sha512-kBJtf7PH6aWwZ6fka3zQ0p6SBYzx4fl1LoZXE2RrnYST9Xljm7WfKJrU4g/Xr3Beg72MLrp1AWNUmuYJTL7Cow==}
    dev: true

  /@types/jest/27.4.1:
    resolution: {integrity: sha512-23iPJADSmicDVrWk+HT58LMJtzLAnB2AgIzplQuq/bSrGaxCrlvRFjGbXmamnnk/mAmCdLStiGqggu28ocUyiw==}
    dependencies:
      jest-matcher-utils: 27.5.1
      pretty-format: 27.5.1
    dev: true

  /@types/lodash-es/4.17.6:
    resolution: {integrity: sha512-R+zTeVUKDdfoRxpAryaQNRKk3105Rrgx2CFRClIgRGaqDTdjsm8h6IYA8ir584W3ePzkZfst5xIgDwYrlh9HLg==}
    dependencies:
      '@types/lodash': 4.14.179
    dev: true

  /@types/lodash/4.14.179:
    resolution: {integrity: sha512-uwc1x90yCKqGcIOAT6DwOSuxnrAbpkdPsUOZtwrXb4D/6wZs+6qG7QnIawDuZWg0sWpxl+ltIKCaLoMlna678w==}
    dev: true

  /@types/node/14.14.45:
    resolution: {integrity: sha512-DssMqTV9UnnoxDWu959sDLZzfvqCF0qDNRjaWeYSui9xkFe61kKo4l1TWNTQONpuXEm+gLMRvdlzvNHBamzmEw==}
    dev: true

  /@vitejs/plugin-vue/1.10.2_vite@2.8.5:
    resolution: {integrity: sha512-/QJ0Z9qfhAFtKRY+r57ziY4BSbGUTGsPRMpB/Ron3QPwBZM4OZAZHdTa4a8PafCwU5DTatXG8TMDoP8z+oDqJw==}
    engines: {node: '>=12.0.0'}
    peerDependencies:
      vite: ^2.5.10
    dependencies:
      vite: 2.8.5_less@4.1.2
    dev: true

  /@vue/compiler-core/3.2.31:
    resolution: {integrity: sha512-aKno00qoA4o+V/kR6i/pE+aP+esng5siNAVQ422TkBNM6qA4veXiZbSe8OTXHXquEi/f6Akc+nLfB4JGfe4/WQ==}
    dependencies:
      '@babel/parser': 7.17.3
      '@vue/shared': 3.2.31
      estree-walker: 2.0.2
      source-map: 0.6.1

  /@vue/compiler-dom/3.2.31:
    resolution: {integrity: sha512-60zIlFfzIDf3u91cqfqy9KhCKIJgPeqxgveH2L+87RcGU/alT6BRrk5JtUso0OibH3O7NXuNOQ0cDc9beT0wrg==}
    dependencies:
      '@vue/compiler-core': 3.2.31
      '@vue/shared': 3.2.31

  /@vue/compiler-sfc/3.2.31:
    resolution: {integrity: sha512-748adc9msSPGzXgibHiO6T7RWgfnDcVQD+VVwYgSsyyY8Ans64tALHZANrKtOzvkwznV/F4H7OAod/jIlp/dkQ==}
    dependencies:
      '@babel/parser': 7.17.3
      '@vue/compiler-core': 3.2.31
      '@vue/compiler-dom': 3.2.31
      '@vue/compiler-ssr': 3.2.31
      '@vue/reactivity-transform': 3.2.31
      '@vue/shared': 3.2.31
      estree-walker: 2.0.2
      magic-string: 0.25.7
      postcss: 8.4.7
      source-map: 0.6.1

  /@vue/compiler-ssr/3.2.31:
    resolution: {integrity: sha512-mjN0rqig+A8TVDnsGPYJM5dpbjlXeHUm2oZHZwGyMYiGT/F4fhJf/cXy8QpjnLQK4Y9Et4GWzHn9PS8AHUnSkw==}
    dependencies:
      '@vue/compiler-dom': 3.2.31
      '@vue/shared': 3.2.31

  /@vue/reactivity-transform/3.2.31:
    resolution: {integrity: sha512-uS4l4z/W7wXdI+Va5pgVxBJ345wyGFKvpPYtdSgvfJfX/x2Ymm6ophQlXXB6acqGHtXuBqNyyO3zVp9b1r0MOA==}
    dependencies:
      '@babel/parser': 7.17.3
      '@vue/compiler-core': 3.2.31
      '@vue/shared': 3.2.31
      estree-walker: 2.0.2
      magic-string: 0.25.7

  /@vue/reactivity/3.2.31:
    resolution: {integrity: sha512-HVr0l211gbhpEKYr2hYe7hRsV91uIVGFYNHj73njbARVGHQvIojkImKMaZNDdoDZOIkMsBc9a1sMqR+WZwfSCw==}
    dependencies:
      '@vue/shared': 3.2.31
    dev: false

  /@vue/runtime-core/3.2.31:
    resolution: {integrity: sha512-Kcog5XmSY7VHFEMuk4+Gap8gUssYMZ2+w+cmGI6OpZWYOEIcbE0TPzzPHi+8XTzAgx1w/ZxDFcXhZeXN5eKWsA==}
    dependencies:
      '@vue/reactivity': 3.2.31
      '@vue/shared': 3.2.31
    dev: false

  /@vue/runtime-dom/3.2.31:
    resolution: {integrity: sha512-N+o0sICVLScUjfLG7u9u5XCjvmsexAiPt17GNnaWHJUfsKed5e85/A3SWgKxzlxx2SW/Hw7RQxzxbXez9PtY3g==}
    dependencies:
      '@vue/runtime-core': 3.2.31
      '@vue/shared': 3.2.31
      csstype: 2.6.19
    dev: false

  /@vue/server-renderer/3.2.31_vue@3.2.31:
    resolution: {integrity: sha512-8CN3Zj2HyR2LQQBHZ61HexF5NReqngLT3oahyiVRfSSvak+oAvVmu8iNLSu6XR77Ili2AOpnAt1y8ywjjqtmkg==}
    peerDependencies:
      vue: 3.2.31
    dependencies:
      '@vue/compiler-ssr': 3.2.31
      '@vue/shared': 3.2.31
      vue: 3.2.31
    dev: false

  /@vue/shared/3.2.31:
    resolution: {integrity: sha512-ymN2pj6zEjiKJZbrf98UM2pfDd6F2H7ksKw7NDt/ZZ1fh5Ei39X5tABugtT03ZRlWd9imccoK0hE8hpjpU7irQ==}

  /aegis-web-sdk/1.35.21:
    resolution: {integrity: sha512-r9bPS2bRUoSFVcsyqSOjOMsBsXJ3LcaQoGfn3mC1Nbt0c2vF0m7hd4QymNSZKOaLZpkLgQtVIMRuRywQyF6noA==}
    dependencies:
      web-vitals: 1.1.2
    dev: false

  /animate.css/4.1.1:
    resolution: {integrity: sha512-+mRmCTv6SbCmtYJCN4faJMNFVNN5EuCTTprDTAo7YzIGji2KADmakjVA3+8mVDkZ2Bf09vayB35lSQIex2+QaQ==}
    dev: false

  /ansi-regex/2.1.1:
    resolution: {integrity: sha1-w7M6te42DYbg5ijwRorn7yfWVN8=}
    engines: {node: '>=0.10.0'}
    dev: false

  /ansi-regex/5.0.1:
    resolution: {integrity: sha512-quJQXlTSUGL2LH9SUXo8VwsY4soanhgo6LNSm84E1LBcE8s3O0wpdiRzyR9z/ZZJMlMWv37qOOb9pdJlMUEKFQ==}
    engines: {node: '>=8'}
    dev: true

  /ansi-styles/2.2.1:
    resolution: {integrity: sha1-tDLdM1i2NM914eRmQ2gkBTPB3b4=}
    engines: {node: '>=0.10.0'}
    dev: false

  /ansi-styles/4.3.0:
    resolution: {integrity: sha512-zbB9rCJAT1rbjiVDb2hqKFHNYLxgtk8NURxZ3IZwD3F6NtxbXZQCnnSi1Lkx+IDohdPlFp222wVALIheZJQSEg==}
    engines: {node: '>=8'}
    dependencies:
      color-convert: 2.0.1
    dev: true

  /ansi-styles/5.2.0:
    resolution: {integrity: sha512-Cxwpt2SfTzTtXcfOlzGEee8O+c+MmUgGrNiBcXnuWxuFJHe6a5Hz7qwhwe5OgaSYI0IJvkLqWX1ASG+cJOkEiA==}
    engines: {node: '>=10'}
    dev: true

  /asn1/0.2.6:
    resolution: {integrity: sha512-ix/FxPn0MDjeyJ7i/yoHGFt/EX6LyNbxSEhPPXODPL+KB0VPk86UYfL0lMdy+KCnv+fmvIzySwaK5COwqVbWTQ==}
    dependencies:
      safer-buffer: 2.1.2
    dev: false

  /assert-plus/0.2.0:
    resolution: {integrity: sha1-104bh+ev/A24qttwIfP+SBAasjQ=}
    engines: {node: '>=0.8'}
    dev: false

  /assert-plus/1.0.0:
    resolution: {integrity: sha1-8S4PPF13sLHN2RRpQuTpbB5N1SU=}
    engines: {node: '>=0.8'}
    dev: false

  /async-validator/4.0.7:
    resolution: {integrity: sha512-Pj2IR7u8hmUEDOwB++su6baaRi+QvsgajuFB9j95foM1N2gy5HM4z60hfusIO0fBPG5uLAEl6yCJr1jNSVugEQ==}
    dev: true

  /asynckit/0.4.0:
    resolution: {integrity: sha1-x57Zf380y48robyXkLzDZkdLS3k=}
    dev: false

  /aws-sign2/0.6.0:
    resolution: {integrity: sha1-FDQt0428yU0OW4fXY81jYSwOeU8=}
    dev: false

  /aws4/1.11.0:
    resolution: {integrity: sha512-xh1Rl34h6Fi1DC2WWKfxUTVqRsNnr6LsKz2+hfwDxQJWmrx8+c7ylaqBMcHfl1U1r2dsifOvKX3LQuLNZ+XSvA==}
    dev: false

  /bcrypt-pbkdf/1.0.2:
    resolution: {integrity: sha1-pDAdOJtqQ/m2f/PKEaP2Y342Dp4=}
    dependencies:
      tweetnacl: 0.14.5
    dev: false

  /bl/1.1.2:
    resolution: {integrity: sha1-/cqHGplxOqANGeO7ukHER4emU5g=}
    dependencies:
      readable-stream: 2.0.6
    dev: false

  /boom/2.10.1:
    resolution: {integrity: sha1-OciRjO/1eZ+D+UkqhI9iWt0Mdm8=}
    engines: {node: '>=0.10.40'}
    deprecated: This version has been deprecated in accordance with the hapi support policy (hapi.im/support). Please upgrade to the latest version to get the best features, bug fixes, and security patches. If you are unable to upgrade at this time, paid support is available for older versions (hapi.im/commercial).
    dependencies:
      hoek: 2.16.3
    dev: false

  /caseless/0.11.0:
    resolution: {integrity: sha1-cVuW6phBWTzDMGeSP17GDr2k99c=}
    dev: false

  /chalk/1.1.3:
    resolution: {integrity: sha1-qBFcVeSnAv5NFQq9OHKCKn4J/Jg=}
    engines: {node: '>=0.10.0'}
    dependencies:
      ansi-styles: 2.2.1
      escape-string-regexp: 1.0.5
      has-ansi: 2.0.0
      strip-ansi: 3.0.1
      supports-color: 2.0.0
    dev: false

  /chalk/4.1.2:
    resolution: {integrity: sha512-oKnbhFyRIXpUuez8iBMmyEa4nbj4IOQyuhc/wy9kY7/WVPcwIO9VA668Pu8RkO7+0G76SLROeyw9CpQ061i4mA==}
    engines: {node: '>=10'}
    dependencies:
      ansi-styles: 4.3.0
      supports-color: 7.2.0
    dev: true

  /color-convert/2.0.1:
    resolution: {integrity: sha512-RRECPsj7iu/xb5oKYcsFHSppFNnsj/52OVTRKb4zP5onXwVF3zVmmToNcOfGC+CRDpfK/U584fMg38ZHCaElKQ==}
    engines: {node: '>=7.0.0'}
    dependencies:
      color-name: 1.1.4
    dev: true

  /color-name/1.1.4:
    resolution: {integrity: sha512-dOy+3AuW3a2wNbZHIuMZpTcgjGuLU/uBL/ubcZF9OXbDo8ff4O8yVp5Bf0efS8uEoYo5q4Fx7dY9OgQGXgAsQA==}
    dev: true

  /combined-stream/1.0.8:
    resolution: {integrity: sha512-FQN4MRfuJeHf7cBbBMJFXhKSDq+2kAArBlmRBvcvFE5BB1HZKXtSFASDhdlz9zOYwxh8lDdnvmMOe/+5cdoEdg==}
    engines: {node: '>= 0.8'}
    dependencies:
      delayed-stream: 1.0.0
    dev: false

  /commander/2.20.3:
    resolution: {integrity: sha512-GpVkmM8vF2vQUkj2LvZmD35JxeJOLCwJ9cUkugyk2nuhbv3+mJvpLYYt+0+USMxE+oj+ey/lJEnhZw75x/OMcQ==}
    dev: false

  /copy-anything/2.0.6:
    resolution: {integrity: sha512-1j20GZTsvKNkc4BY3NpMOM8tt///wY3FpIzozTOFO2ffuZcV61nojHXVKIy3WM+7ADCy5FVhdZYHYDdgTU0yJw==}
    dependencies:
      is-what: 3.14.1
    dev: true

  /core-js/3.21.1:
    resolution: {integrity: sha512-FRq5b/VMrWlrmCzwRrpDYNxyHP9BcAZC+xHJaqTgIE5091ZV1NTmyh0sGOg5XqpnHvR0svdy0sv1gWA1zmhxig==}
    requiresBuild: true
    dev: false

  /core-util-is/1.0.2:
    resolution: {integrity: sha1-tf1UIgqivFq1eqtxQMlAdUUDwac=}
    dev: false

  /core-util-is/1.0.3:
    resolution: {integrity: sha512-ZQBvi1DcpJ4GDqanjucZ2Hj3wEO5pZDS89BWbkcrvdxksJorwUDDZamX9ldFkp9aw2lmBDLgkObEA4DWNJ9FYQ==}
    dev: false

  /cryptiles/2.0.5:
    resolution: {integrity: sha1-O9/s3GCBR8HGcgL6KR59ylnqo7g=}
    engines: {node: '>=0.10.40'}
    deprecated: This version has been deprecated in accordance with the hapi support policy (hapi.im/support). Please upgrade to the latest version to get the best features, bug fixes, and security patches. If you are unable to upgrade at this time, paid support is available for older versions (hapi.im/commercial).
    dependencies:
      boom: 2.10.1
    dev: false

  /css-render/0.15.8:
    resolution: {integrity: sha512-k1gp1MgYDPrFZhzheQkSwm6dmP6nPe2XE6WYpJBPwEc3GbMANPJZfxl7ofZlTl8/+tpMRiGTTgUkTlXaVbLxog==}
    dependencies:
      '@emotion/hash': 0.8.0
      '@types/node': 14.14.45
      csstype: 3.0.10
    dev: true

  /csstype/2.6.19:
    resolution: {integrity: sha512-ZVxXaNy28/k3kJg0Fou5MiYpp88j7H9hLZp8PDC3jV0WFjfH5E9xHb56L0W59cPbKbcHXeP4qyT8PrHp8t6LcQ==}
    dev: false

  /csstype/3.0.10:
    resolution: {integrity: sha512-2u44ZG2OcNUO9HDp/Jl8C07x6pU/eTR3ncV91SiK3dhG9TWvRVsCoJw14Ckx5DgWkzGA3waZWO3d7pgqpUI/XA==}
    dev: true

  /dashdash/1.14.1:
    resolution: {integrity: sha1-hTz6D3y+L+1d4gMmuN1YEDX24vA=}
    engines: {node: '>=0.10'}
    dependencies:
      assert-plus: 1.0.0
    dev: false

  /date-fns-tz/1.3.0_date-fns@2.28.0:
    resolution: {integrity: sha512-r6ye6PmGEvkF467/41qzU71oGwv9kHTnV3vtSZdyV6VThwPID47ZH7FtR7zQWrhgOUWkYySm2ems2w6ZfNUqoA==}
    peerDependencies:
      date-fns: '>=2.0.0'
    dependencies:
      date-fns: 2.28.0
    dev: true

  /date-fns/2.28.0:
    resolution: {integrity: sha512-8d35hViGYx/QH0icHYCeLmsLmMUheMmTyV9Fcm6gvNwdw31yXXH+O85sOBJ+OLnLQMKZowvpKb6FgMIQjcpvQw==}
    engines: {node: '>=0.11'}
    dev: true

  /debug/3.2.7:
    resolution: {integrity: sha512-CFjzYYAi4ThfiQvizrFQevTTXHtnCqWfe7x1AhgEscTz6ZbLbfoLRLPugTQyBth6f8ZERVUSyWHFD/7Wu4t1XQ==}
    dependencies:
      ms: 2.1.3
    dev: true
    optional: true

  /delayed-stream/1.0.0:
    resolution: {integrity: sha1-3zrhmayt+31ECqrgsp4icrJOxhk=}
    engines: {node: '>=0.4.0'}
    dev: false

  /diff-sequences/27.5.1:
    resolution: {integrity: sha512-k1gCAXAsNgLwEL+Y8Wvl+M6oEFj5bgazfZULpS5CneoPPXRaCCW7dm+q21Ky2VEE5X+VeRDBVg1Pcvvsr4TtNQ==}
    engines: {node: ^10.13.0 || ^12.13.0 || ^14.15.0 || >=15.0.0}
    dev: true

  /ecc-jsbn/0.1.2:
    resolution: {integrity: sha1-OoOpBOVDUyh4dMVkt1SThoSamMk=}
    dependencies:
      jsbn: 0.1.1
      safer-buffer: 2.1.2
    dev: false

  /errno/0.1.8:
    resolution: {integrity: sha512-dJ6oBr5SQ1VSd9qkk7ByRgb/1SH4JZjCHSW/mr63/QcXO9zLVxvJ6Oy13nio03rxpSnVDDjFor75SjVeZWPW/A==}
    hasBin: true
    requiresBuild: true
    dependencies:
      prr: 1.0.1
    dev: true
    optional: true

  /esbuild-android-arm64/0.14.23:
    resolution: {integrity: sha512-k9sXem++mINrZty1v4FVt6nC5BQCFG4K2geCIUUqHNlTdFnuvcqsY7prcKZLFhqVC1rbcJAr9VSUGFL/vD4vsw==}
    engines: {node: '>=12'}
    cpu: [arm64]
    os: [android]
    requiresBuild: true
    dev: true
    optional: true

  /esbuild-darwin-64/0.14.23:
    resolution: {integrity: sha512-lB0XRbtOYYL1tLcYw8BoBaYsFYiR48RPrA0KfA/7RFTr4MV7Bwy/J4+7nLsVnv9FGuQummM3uJ93J3ptaTqFug==}
    engines: {node: '>=12'}
    cpu: [x64]
    os: [darwin]
    requiresBuild: true
    dev: true
    optional: true

  /esbuild-darwin-arm64/0.14.23:
    resolution: {integrity: sha512-yat73Z/uJ5tRcfRiI4CCTv0FSnwErm3BJQeZAh+1tIP0TUNh6o+mXg338Zl5EKChD+YGp6PN+Dbhs7qa34RxSw==}
    engines: {node: '>=12'}
    cpu: [arm64]
    os: [darwin]
    requiresBuild: true
    dev: true
    optional: true

  /esbuild-freebsd-64/0.14.23:
    resolution: {integrity: sha512-/1xiTjoLuQ+LlbfjJdKkX45qK/M7ARrbLmyf7x3JhyQGMjcxRYVR6Dw81uH3qlMHwT4cfLW4aEVBhP1aNV7VsA==}
    engines: {node: '>=12'}
    cpu: [x64]
    os: [freebsd]
    requiresBuild: true
    dev: true
    optional: true

  /esbuild-freebsd-arm64/0.14.23:
    resolution: {integrity: sha512-uyPqBU/Zcp6yEAZS4LKj5jEE0q2s4HmlMBIPzbW6cTunZ8cyvjG6YWpIZXb1KK3KTJDe62ltCrk3VzmWHp+iLg==}
    engines: {node: '>=12'}
    cpu: [arm64]
    os: [freebsd]
    requiresBuild: true
    dev: true
    optional: true

  /esbuild-linux-32/0.14.23:
    resolution: {integrity: sha512-37R/WMkQyUfNhbH7aJrr1uCjDVdnPeTHGeDhZPUNhfoHV0lQuZNCKuNnDvlH/u/nwIYZNdVvz1Igv5rY/zfrzQ==}
    engines: {node: '>=12'}
    cpu: [ia32]
    os: [linux]
    requiresBuild: true
    dev: true
    optional: true

  /esbuild-linux-64/0.14.23:
    resolution: {integrity: sha512-H0gztDP60qqr8zoFhAO64waoN5yBXkmYCElFklpd6LPoobtNGNnDe99xOQm28+fuD75YJ7GKHzp/MLCLhw2+vQ==}
    engines: {node: '>=12'}
    cpu: [x64]
    os: [linux]
    requiresBuild: true
    dev: true
    optional: true

  /esbuild-linux-arm/0.14.23:
    resolution: {integrity: sha512-x64CEUxi8+EzOAIpCUeuni0bZfzPw/65r8tC5cy5zOq9dY7ysOi5EVQHnzaxS+1NmV+/RVRpmrzGw1QgY2Xpmw==}
    engines: {node: '>=12'}
    cpu: [arm]
    os: [linux]
    requiresBuild: true
    dev: true
    optional: true

  /esbuild-linux-arm64/0.14.23:
    resolution: {integrity: sha512-c4MLOIByNHR55n3KoYf9hYDfBRghMjOiHLaoYLhkQkIabb452RWi+HsNgB41sUpSlOAqfpqKPFNg7VrxL3UX9g==}
    engines: {node: '>=12'}
    cpu: [arm64]
    os: [linux]
    requiresBuild: true
    dev: true
    optional: true

  /esbuild-linux-mips64le/0.14.23:
    resolution: {integrity: sha512-kHKyKRIAedYhKug2EJpyJxOUj3VYuamOVA1pY7EimoFPzaF3NeY7e4cFBAISC/Av0/tiV0xlFCt9q0HJ68IBIw==}
    engines: {node: '>=12'}
    cpu: [mips64el]
    os: [linux]
    requiresBuild: true
    dev: true
    optional: true

  /esbuild-linux-ppc64le/0.14.23:
    resolution: {integrity: sha512-7ilAiJEPuJJnJp/LiDO0oJm5ygbBPzhchJJh9HsHZzeqO+3PUzItXi+8PuicY08r0AaaOe25LA7sGJ0MzbfBag==}
    engines: {node: '>=12'}
    cpu: [ppc64]
    os: [linux]
    requiresBuild: true
    dev: true
    optional: true

  /esbuild-linux-riscv64/0.14.23:
    resolution: {integrity: sha512-fbL3ggK2wY0D8I5raPIMPhpCvODFE+Bhb5QGtNP3r5aUsRR6TQV+ZBXIaw84iyvKC8vlXiA4fWLGhghAd/h/Zg==}
    engines: {node: '>=12'}
    cpu: [riscv64]
    os: [linux]
    requiresBuild: true
    dev: true
    optional: true

  /esbuild-linux-s390x/0.14.23:
    resolution: {integrity: sha512-GHMDCyfy7+FaNSO8RJ8KCFsnax8fLUsOrj9q5Gi2JmZMY0Zhp75keb5abTFCq2/Oy6KVcT0Dcbyo/bFb4rIFJA==}
    engines: {node: '>=12'}
    cpu: [s390x]
    os: [linux]
    requiresBuild: true
    dev: true
    optional: true

  /esbuild-netbsd-64/0.14.23:
    resolution: {integrity: sha512-ovk2EX+3rrO1M2lowJfgMb/JPN1VwVYrx0QPUyudxkxLYrWeBxDKQvc6ffO+kB4QlDyTfdtAURrVzu3JeNdA2g==}
    engines: {node: '>=12'}
    cpu: [x64]
    os: [netbsd]
    requiresBuild: true
    dev: true
    optional: true

  /esbuild-openbsd-64/0.14.23:
    resolution: {integrity: sha512-uYYNqbVR+i7k8ojP/oIROAHO9lATLN7H2QeXKt2H310Fc8FJj4y3Wce6hx0VgnJ4k1JDrgbbiXM8rbEgQyg8KA==}
    engines: {node: '>=12'}
    cpu: [x64]
    os: [openbsd]
    requiresBuild: true
    dev: true
    optional: true

  /esbuild-sunos-64/0.14.23:
    resolution: {integrity: sha512-hAzeBeET0+SbScknPzS2LBY6FVDpgE+CsHSpe6CEoR51PApdn2IB0SyJX7vGelXzlyrnorM4CAsRyb9Qev4h9g==}
    engines: {node: '>=12'}
    cpu: [x64]
    os: [sunos]
    requiresBuild: true
    dev: true
    optional: true

  /esbuild-windows-32/0.14.23:
    resolution: {integrity: sha512-Kttmi3JnohdaREbk6o9e25kieJR379TsEWF0l39PQVHXq3FR6sFKtVPgY8wk055o6IB+rllrzLnbqOw/UV60EA==}
    engines: {node: '>=12'}
    cpu: [ia32]
    os: [win32]
    requiresBuild: true
    dev: true
    optional: true

  /esbuild-windows-64/0.14.23:
    resolution: {integrity: sha512-JtIT0t8ymkpl6YlmOl6zoSWL5cnCgyLaBdf/SiU/Eg3C13r0NbHZWNT/RDEMKK91Y6t79kTs3vyRcNZbfu5a8g==}
    engines: {node: '>=12'}
    cpu: [x64]
    os: [win32]
    requiresBuild: true
    dev: true
    optional: true

  /esbuild-windows-arm64/0.14.23:
    resolution: {integrity: sha512-cTFaQqT2+ik9e4hePvYtRZQ3pqOvKDVNarzql0VFIzhc0tru/ZgdLoXd6epLiKT+SzoSce6V9YJ+nn6RCn6SHw==}
    engines: {node: '>=12'}
    cpu: [arm64]
    os: [win32]
    requiresBuild: true
    dev: true
    optional: true

  /esbuild/0.14.23:
    resolution: {integrity: sha512-XjnIcZ9KB6lfonCa+jRguXyRYcldmkyZ99ieDksqW/C8bnyEX299yA4QH2XcgijCgaddEZePPTgvx/2imsq7Ig==}
    engines: {node: '>=12'}
    hasBin: true
    requiresBuild: true
    optionalDependencies:
      esbuild-android-arm64: 0.14.23
      esbuild-darwin-64: 0.14.23
      esbuild-darwin-arm64: 0.14.23
      esbuild-freebsd-64: 0.14.23
      esbuild-freebsd-arm64: 0.14.23
      esbuild-linux-32: 0.14.23
      esbuild-linux-64: 0.14.23
      esbuild-linux-arm: 0.14.23
      esbuild-linux-arm64: 0.14.23
      esbuild-linux-mips64le: 0.14.23
      esbuild-linux-ppc64le: 0.14.23
      esbuild-linux-riscv64: 0.14.23
      esbuild-linux-s390x: 0.14.23
      esbuild-netbsd-64: 0.14.23
      esbuild-openbsd-64: 0.14.23
      esbuild-sunos-64: 0.14.23
      esbuild-windows-32: 0.14.23
      esbuild-windows-64: 0.14.23
      esbuild-windows-arm64: 0.14.23
    dev: true

  /escape-string-regexp/1.0.5:
    resolution: {integrity: sha1-G2HAViGQqN/2rjuyzwIAyhMLhtQ=}
    engines: {node: '>=0.8.0'}
    dev: false

  /estree-walker/2.0.2:
    resolution: {integrity: sha512-Rfkk/Mp/DL7JVje3u18FxFujQlTNR2q6QfMSMB7AvCBx91NGj/ba3kCfza0f6dVDbw7YlRf/nDrn7pQrCCyQ/w==}

  /evtd/0.2.3:
    resolution: {integrity: sha512-tmiT1YUVqFjTY+BSBOAskL83xNx41iUfpvKP6Gcd/xMHjg3mnER98jXGXJyKnxCG19uPc6EhZiUC+MUyvoqCtw==}
    dev: true

  /extend/3.0.2:
    resolution: {integrity: sha512-fjquC59cD7CyW6urNXK0FBufkZcoiGG80wTuPujX590cB5Ttln20E2UB4S/WARVqhXffZl2LNgS+gQdPIIim/g==}
    dev: false

  /extsprintf/1.3.0:
    resolution: {integrity: sha1-lpGEQOMEGnpBT4xS48V06zw+HgU=}
    engines: {'0': node >=0.6.0}
    dev: false

  /fastrx/3.1.3:
    resolution: {integrity: sha512-W/ChwpTWg59Trhn+fVpokdKNOOI6J43JyyNCrGGThriSnmgx7oeICdEpn5wYzELvQUVQbQUHKVh4etYyVAO+dg==}
    dependencies:
      core-js: 3.21.1
    dev: false

  /forever-agent/0.6.1:
    resolution: {integrity: sha1-+8cfDEGt6zf5bFd60e1C2P2sypE=}
    dev: false

  /form-data/2.0.0:
    resolution: {integrity: sha1-bwrrrcxdoWwT4ezBETfYX5uIOyU=}
    engines: {node: '>= 0.12'}
    dependencies:
      asynckit: 0.4.0
      combined-stream: 1.0.8
      mime-types: 2.1.34
    dev: false

  /fsevents/2.3.2:
    resolution: {integrity: sha512-xiqMQR4xAeHTuB9uWm+fFRcIOgKBMiOBP+eXiyT7jsgVCq1bkVygt00oASowB7EdtpOHaaPgKt812P9ab+DDKA==}
    engines: {node: ^8.16.0 || ^10.6.0 || >=11.0.0}
    os: [darwin]
    requiresBuild: true
    dev: true
    optional: true

  /function-bind/1.1.1:
    resolution: {integrity: sha512-yIovAzMX49sF8Yl58fSCWJ5svSLuaibPxXQJFLmBObTuCr0Mf1KiPopGM9NiFjiYBCbfaa2Fh6breQ6ANVTI0A==}
    dev: true

  /generate-function/2.3.1:
    resolution: {integrity: sha512-eeB5GfMNeevm/GRYq20ShmsaGcmI81kIX2K9XQx5miC8KdHaC6Jm0qQ8ZNeGOi7wYB8OsdxKs+Y2oVuTFuVwKQ==}
    dependencies:
      is-property: 1.0.2
    dev: false

  /generate-object-property/1.2.0:
    resolution: {integrity: sha1-nA4cQDCM6AT0eDYYuTf6iPmdUNA=}
    dependencies:
      is-property: 1.0.2
    dev: false

  /getpass/0.1.7:
    resolution: {integrity: sha1-Xv+OPmhNVprkyysSgmBOi6YhSfo=}
    dependencies:
      assert-plus: 1.0.0
    dev: false

  /graceful-fs/4.2.9:
    resolution: {integrity: sha512-NtNxqUcXgpW2iMrfqSfR73Glt39K+BLwWsPs94yR63v45T0Wbej7eRmL5cWfwEgqXnmjQp3zaJTshdRW/qC2ZQ==}
    requiresBuild: true
    dev: true
    optional: true

  /har-validator/2.0.6:
    resolution: {integrity: sha1-zcvAgYgmWtEZtqWnyKtw7s+10n0=}
    engines: {node: '>=0.10'}
    deprecated: this library is no longer supported
    hasBin: true
    dependencies:
      chalk: 1.1.3
      commander: 2.20.3
      is-my-json-valid: 2.20.6
      pinkie-promise: 2.0.1
    dev: false

  /has-ansi/2.0.0:
    resolution: {integrity: sha1-NPUEnOHs3ysGSa8+8k5F7TVBbZE=}
    engines: {node: '>=0.10.0'}
    dependencies:
      ansi-regex: 2.1.1
    dev: false

  /has-flag/4.0.0:
    resolution: {integrity: sha512-EykJT/Q1KjTWctppgIAgfSO0tKVuZUjhgMr17kqTumMl6Afv3EISleU7qZUzoXDFTAHTDC4NOoG/ZxU3EvlMPQ==}
    engines: {node: '>=8'}
    dev: true

  /has/1.0.3:
    resolution: {integrity: sha512-f2dvO0VU6Oej7RkWJGrehjbzMAjFp5/VKPp5tTpWIV4JHHZK1/BxbFRtf/siA2SWTe09caDmVtYYzWEIbBS4zw==}
    engines: {node: '>= 0.4.0'}
    dependencies:
      function-bind: 1.1.1
    dev: true

  /hawk/3.1.3:
    resolution: {integrity: sha1-B4REvXwWQLD+VA0sm3PVlnjo4cQ=}
    engines: {node: '>=0.10.32'}
    deprecated: This module moved to @hapi/hawk. Please make sure to switch over as this distribution is no longer supported and may contain bugs and critical security issues.
    dependencies:
      boom: 2.10.1
      cryptiles: 2.0.5
      hoek: 2.16.3
      sntp: 1.0.9
    dev: false

  /highlight.js/11.4.0:
    resolution: {integrity: sha512-nawlpCBCSASs7EdvZOYOYVkJpGmAOKMYZgZtUqSRqodZE0GRVcFKwo1RcpeOemqh9hyttTdd5wDBwHkuSyUfnA==}
    engines: {node: '>=12.0.0'}
    dev: true

  /hoek/2.16.3:
    resolution: {integrity: sha1-ILt0A9POo5jpHcRxCo/xuCdKJe0=}
    engines: {node: '>=0.10.40'}
    deprecated: This version has been deprecated in accordance with the hapi support policy (hapi.im/support). Please upgrade to the latest version to get the best features, bug fixes, and security patches. If you are unable to upgrade at this time, paid support is available for older versions (hapi.im/commercial).
    dev: false

  /http-signature/1.1.1:
    resolution: {integrity: sha1-33LiZwZs0Kxn+3at+OE0qPvPkb8=}
    engines: {node: '>=0.8', npm: '>=1.3.7'}
    dependencies:
      assert-plus: 0.2.0
      jsprim: 1.4.2
      sshpk: 1.17.0
    dev: false

  /iconv-lite/0.4.24:
    resolution: {integrity: sha512-v3MXnZAcvnywkTUEZomIActle7RXXeedOR31wwl7VlyoXO4Qi9arvSenNQWne1TcRwhCL1HwLI21bEqdpj8/rA==}
    engines: {node: '>=0.10.0'}
    dependencies:
      safer-buffer: 2.1.2
    dev: true
    optional: true

  /image-size/0.5.5:
    resolution: {integrity: sha1-Cd/Uq50g4p6xw+gLiZA3jfnjy5w=}
    engines: {node: '>=0.10.0'}
    hasBin: true
    requiresBuild: true
    dev: true
    optional: true

  /inherits/2.0.4:
    resolution: {integrity: sha512-k/vGaX4/Yla3WzyMCvTQOXYeIHvqOKtnqBduzTHpzpQZzAskKMhZ2K+EnBiSM9zGSoIFeMpXKxa4dYeZIQqewQ==}
    dev: false

  /is-core-module/2.8.1:
    resolution: {integrity: sha512-SdNCUs284hr40hFTFP6l0IfZ/RSrMXF3qgoRHd3/79unUTvrFO/JoXwkGm+5J/Oe3E/b5GsnG330uUNgRpu1PA==}
    dependencies:
      has: 1.0.3
    dev: true

  /is-my-ip-valid/1.0.0:
    resolution: {integrity: sha512-gmh/eWXROncUzRnIa1Ubrt5b8ep/MGSnfAUI3aRp+sqTCs1tv1Isl8d8F6JmkN3dXKc3ehZMrtiPN9eL03NuaQ==}
    dev: false

  /is-my-json-valid/2.20.6:
    resolution: {integrity: sha512-1JQwulVNjx8UqkPE/bqDaxtH4PXCe/2VRh/y3p99heOV87HG4Id5/VfDswd+YiAfHcRTfDlWgISycnHuhZq1aw==}
    dependencies:
      generate-function: 2.3.1
      generate-object-property: 1.2.0
      is-my-ip-valid: 1.0.0
      jsonpointer: 5.0.0
      xtend: 4.0.2
    dev: false

  /is-property/1.0.2:
    resolution: {integrity: sha1-V/4cTkhHTt1lsJkR8msc1Ald2oQ=}
    dev: false

  /is-typedarray/1.0.0:
    resolution: {integrity: sha1-5HnICFjfDBsR3dppQPlgEfzaSpo=}
    dev: false

  /is-what/3.14.1:
    resolution: {integrity: sha512-sNxgpk9793nzSs7bA6JQJGeIuRBQhAaNGG77kzYQgMkrID+lS6SlK07K5LaptscDlSaIgH+GPFzf+d75FVxozA==}
    dev: true

  /isarray/1.0.0:
    resolution: {integrity: sha1-u5NdSFgsuhaMBoNJV6VKPgcSTxE=}
    dev: false

  /isstream/0.1.2:
    resolution: {integrity: sha1-R+Y/evVa+m+S4VAOaQ64uFKcCZo=}
    dev: false

  /jest-diff/27.5.1:
    resolution: {integrity: sha512-m0NvkX55LDt9T4mctTEgnZk3fmEg3NRYutvMPWM/0iPnkFj2wIeF45O1718cMSOFO1vINkqmxqD8vE37uTEbqw==}
    engines: {node: ^10.13.0 || ^12.13.0 || ^14.15.0 || >=15.0.0}
    dependencies:
      chalk: 4.1.2
      diff-sequences: 27.5.1
      jest-get-type: 27.5.1
      pretty-format: 27.5.1
    dev: true

  /jest-get-type/27.5.1:
    resolution: {integrity: sha512-2KY95ksYSaK7DMBWQn6dQz3kqAf3BB64y2udeG+hv4KfSOb9qwcYQstTJc1KCbsix+wLZWZYN8t7nwX3GOBLRw==}
    engines: {node: ^10.13.0 || ^12.13.0 || ^14.15.0 || >=15.0.0}
    dev: true

  /jest-matcher-utils/27.5.1:
    resolution: {integrity: sha512-z2uTx/T6LBaCoNWNFWwChLBKYxTMcGBRjAt+2SbP929/Fflb9aa5LGma654Rz8z9HLxsrUaYzxE9T/EFIL/PAw==}
    engines: {node: ^10.13.0 || ^12.13.0 || ^14.15.0 || >=15.0.0}
    dependencies:
      chalk: 4.1.2
      jest-diff: 27.5.1
      jest-get-type: 27.5.1
      pretty-format: 27.5.1
    dev: true

  /jsbn/0.1.1:
    resolution: {integrity: sha1-peZUwuWi3rXyAdls77yoDA7y9RM=}
    dev: false

  /json-schema/0.4.0:
    resolution: {integrity: sha512-es94M3nTIfsEPisRafak+HDLfHXnKBhV3vU5eqPcS3flIWqcxJWgXHXiey3YrpaNsanY5ei1VoYEbOzijuq9BA==}
    dev: false

  /json-stringify-safe/5.0.1:
    resolution: {integrity: sha1-Epai1Y/UXxmg9s4B1lcB4sc1tus=}
    dev: false

  /jsonpointer/5.0.0:
    resolution: {integrity: sha512-PNYZIdMjVIvVgDSYKTT63Y+KZ6IZvGRNNWcxwD+GNnUz1MKPfv30J8ueCjdwcN0nDx2SlshgyB7Oy0epAzVRRg==}
    engines: {node: '>=0.10.0'}
    dev: false

  /jsprim/1.4.2:
    resolution: {integrity: sha512-P2bSOMAc/ciLz6DzgjVlGJP9+BrJWu5UDGK70C2iweC5QBIeFf0ZXRvGjEj2uYgrY2MkAAhsSWHDWlFtEroZWw==}
    engines: {node: '>=0.6.0'}
    dependencies:
      assert-plus: 1.0.0
      extsprintf: 1.3.0
      json-schema: 0.4.0
      verror: 1.10.0
    dev: false

  /less/4.1.2:
    resolution: {integrity: sha512-EoQp/Et7OSOVu0aJknJOtlXZsnr8XE8KwuzTHOLeVSEx8pVWUICc8Q0VYRHgzyjX78nMEyC/oztWFbgyhtNfDA==}
    engines: {node: '>=6'}
    hasBin: true
    dependencies:
      copy-anything: 2.0.6
      parse-node-version: 1.0.1
      tslib: 2.3.1
    optionalDependencies:
      errno: 0.1.8
      graceful-fs: 4.2.9
      image-size: 0.5.5
      make-dir: 2.1.0
      mime: 1.6.0
      needle: 2.9.1
      source-map: 0.6.1
    dev: true

  /lodash-es/4.17.21:
    resolution: {integrity: sha512-mKnC+QJ9pWVzv+C4/U3rRsHapFfHvQFoFB92e52xeyGMcX6/OlIl78je1u8vePzYZSkkogMPJ2yjxxsb89cxyw==}
    dev: true

  /lodash/4.17.21:
    resolution: {integrity: sha512-v2kDEe57lecTulaDIuNTPy3Ry4gLGJ6Z1O3vE1krgXZNrsQ+LFTGHVxVjcXPs17LhbZVGedAJv8XZ1tvj5FvSg==}
    dev: true

  /loggly/1.1.1:
    resolution: {integrity: sha1-Cg/B0/o6XsRP3HuJe+uipGlc6+4=}
    engines: {node: '>= 0.8.0'}
    dependencies:
      json-stringify-safe: 5.0.1
      request: 2.75.0
      timespan: 2.3.0
    dev: false

  /magic-string/0.25.7:
    resolution: {integrity: sha512-4CrMT5DOHTDk4HYDlzmwu4FVCcIYI8gauveasrdCu2IKIFOJ3f0v/8MDGJCDL9oD2ppz/Av1b0Nj345H9M+XIA==}
    dependencies:
      sourcemap-codec: 1.4.8

  /make-dir/2.1.0:
    resolution: {integrity: sha512-LS9X+dc8KLxXCb8dni79fLIIUA5VyZoyjSMCwTluaXA0o27cCK0bhXkpgw+sTXVpPy/lSO57ilRixqk0vDmtRA==}
    engines: {node: '>=6'}
    requiresBuild: true
    dependencies:
      pify: 4.0.1
      semver: 5.7.1
    dev: true
    optional: true

  /mime-db/1.51.0:
    resolution: {integrity: sha512-5y8A56jg7XVQx2mbv1lu49NR4dokRnhZYTtL+KGfaa27uq4pSTXkwQkFJl4pkRMyNFz/EtYDSkiiEHx3F7UN6g==}
    engines: {node: '>= 0.6'}
    dev: false

  /mime-types/2.1.34:
    resolution: {integrity: sha512-6cP692WwGIs9XXdOO4++N+7qjqv0rqxxVvJ3VHPh/Sc9mVZcQP+ZGhkKiTvWMQRr2tbHkJP/Yn7Y0npb3ZBs4A==}
    engines: {node: '>= 0.6'}
    dependencies:
      mime-db: 1.51.0
    dev: false

  /mime/1.6.0:
    resolution: {integrity: sha512-x0Vn8spI+wuJ1O6S7gnbaQg8Pxh4NNHb7KSINmEWKiPE4RKOplvijn+NkmYmmRgP68mc70j2EbeTFRsrswaQeg==}
    engines: {node: '>=4'}
    hasBin: true
    requiresBuild: true
    dev: true
    optional: true

  /ms/2.1.3:
    resolution: {integrity: sha512-6FlzubTLZG3J2a/NVCAleEhjzq5oxgHyaCU9yYXvcLsvoVaHJq/s5xXI6/XXP6tz7R9xAOtHnSO/tXtF3WRTlA==}
    dev: true
    optional: true

  /naive-ui/2.25.8_vue@3.2.31:
    resolution: {integrity: sha512-xLRBI7Kz0HCN/TWi4aobsUu3MhNR9UUipK9KMioHHCaBybwsJj42wlEBb4X5z4Ap3wzPK2nBOT2TxBWSDfoOrg==}
    peerDependencies:
      vue: ^3.0.0
    dependencies:
      '@css-render/plugin-bem': 0.15.8_css-render@0.15.8
      '@css-render/vue3-ssr': 0.15.8_vue@3.2.31
      '@types/lodash': 4.14.179
      '@types/lodash-es': 4.17.6
      async-validator: 4.0.7
      css-render: 0.15.8
      date-fns: 2.28.0
      date-fns-tz: 1.3.0_date-fns@2.28.0
      evtd: 0.2.3
      highlight.js: 11.4.0
      lodash: 4.17.21
      lodash-es: 4.17.21
      seemly: 0.3.3
      treemate: 0.3.10
      vdirs: 0.1.7_vue@3.2.31
      vfonts: 0.0.3
      vooks: 0.2.12_vue@3.2.31
      vue: 3.2.31
      vueuc: 0.4.26_vue@3.2.31
    dev: true

  /nanoid/3.3.1:
    resolution: {integrity: sha512-n6Vs/3KGyxPQd6uO0eH4Bv0ojGSUvuLlIHtC3Y0kEO23YRge8H9x1GCzLn28YX0H66pMkxuaeESFq4tKISKwdw==}
    engines: {node: ^10 || ^12 || ^13.7 || ^14 || >=15.0.1}
    hasBin: true

  /needle/2.9.1:
    resolution: {integrity: sha512-6R9fqJ5Zcmf+uYaFgdIHmLwNldn5HbK8L5ybn7Uz+ylX/rnOsSp1AHcvQSrCaFN+qNM1wpymHqD7mVasEOlHGQ==}
    engines: {node: '>= 4.4.x'}
    hasBin: true
    requiresBuild: true
    dependencies:
      debug: 3.2.7
      iconv-lite: 0.4.24
      sax: 1.2.4
    dev: true
    optional: true

  /node-uuid/1.4.8:
    resolution: {integrity: sha1-sEDrCSOWivq/jTL7HxfxFn/auQc=}
    deprecated: Use uuid module instead
    hasBin: true
    dev: false

  /oauth-sign/0.8.2:
    resolution: {integrity: sha1-Rqarfwrq2N6unsBWV4C31O/rnUM=}
    dev: false

  /parse-node-version/1.0.1:
    resolution: {integrity: sha512-3YHlOa/JgH6Mnpr05jP9eDG254US9ek25LyIxZlDItp2iJtwyaXQb57lBYLdT3MowkUFYEV2XXNAYIPlESvJlA==}
    engines: {node: '>= 0.10'}
    dev: true

  /path-parse/1.0.7:
    resolution: {integrity: sha512-LDJzPVEEEPR+y48z93A0Ed0yXb8pAByGWo/k5YYdYgpY2/2EsOsksJrq7lOHxryrVOn1ejG6oAp8ahvOIQD8sw==}
    dev: true

  /picocolors/1.0.0:
    resolution: {integrity: sha512-1fygroTLlHu66zi26VoTDv8yRgm0Fccecssto+MhsZ0D/DGW2sm8E8AjW7NU5VVTRt5GxbeZ5qBuJr+HyLYkjQ==}

  /pify/4.0.1:
    resolution: {integrity: sha512-uB80kBFb/tfd68bVleG9T5GGsGPjJrLAUpR5PZIrhBnIaRTQRjqdJSsIKkOP6OAIFbj7GOrcudc5pNjZ+geV2g==}
    engines: {node: '>=6'}
    dev: true
    optional: true

  /pinkie-promise/2.0.1:
    resolution: {integrity: sha1-ITXW36ejWMBprJsXh3YogihFD/o=}
    engines: {node: '>=0.10.0'}
    dependencies:
      pinkie: 2.0.4
    dev: false

  /pinkie/2.0.4:
    resolution: {integrity: sha1-clVrgM+g1IqXToDnckjoDtT3+HA=}
    engines: {node: '>=0.10.0'}
    dev: false

  /postcss/8.4.7:
    resolution: {integrity: sha512-L9Ye3r6hkkCeOETQX6iOaWZgjp3LL6Lpqm6EtgbKrgqGGteRMNb9vzBfRL96YOSu8o7x3MfIH9Mo5cPJFGrW6A==}
    engines: {node: ^10 || ^12 || >=14}
    dependencies:
      nanoid: 3.3.1
      picocolors: 1.0.0
      source-map-js: 1.0.2

  /pretty-format/27.5.1:
    resolution: {integrity: sha512-Qb1gy5OrP5+zDf2Bvnzdl3jsTf1qXVMazbvCoKhtKqVs4/YK4ozX4gKQJJVyNe+cajNPn0KoC0MC3FUmaHWEmQ==}
    engines: {node: ^10.13.0 || ^12.13.0 || ^14.15.0 || >=15.0.0}
    dependencies:
      ansi-regex: 5.0.1
      ansi-styles: 5.2.0
      react-is: 17.0.2
    dev: true

  /process-nextick-args/1.0.7:
    resolution: {integrity: sha1-FQ4gt1ZZCtP5EJPyWk8q2L/zC6M=}
    dev: false

  /prr/1.0.1:
    resolution: {integrity: sha1-0/wRS6BplaRexok/SEzrHXj19HY=}
    dev: true
    optional: true

  /punycode/1.4.1:
    resolution: {integrity: sha1-wNWmOycYgArY4esPpSachN1BhF4=}
    dev: false

  /qs/6.2.4:
    resolution: {integrity: sha512-E57gmgKXqDda+qWTkUJgIwgJICK7zgMfqZZopTRKZ6mY9gzLlmJN9EpXNnDrTxXFlOM/a+I28kJkF/60rqgnYw==}
    engines: {node: '>=0.6'}
    dev: false

  /react-is/17.0.2:
    resolution: {integrity: sha512-w2GsyukL62IJnlaff/nRegPQR94C/XXamvMWmSHRJ4y7Ts/4ocGRmTHvOs8PSE6pB3dWOrD/nueuU5sduBsQ4w==}
    dev: true

  /readable-stream/2.0.6:
    resolution: {integrity: sha1-j5A0HmilPMySh4jaz80Rs265t44=}
    dependencies:
      core-util-is: 1.0.3
      inherits: 2.0.4
      isarray: 1.0.0
      process-nextick-args: 1.0.7
      string_decoder: 0.10.31
      util-deprecate: 1.0.2
    dev: false

  /request/2.75.0:
    resolution: {integrity: sha1-0rgmiihtoT6qXQGt9dGMyQ9lfZM=}
    engines: {node: '>=0.8.0'}
    deprecated: request has been deprecated, see https://github.com/request/request/issues/3142
    dependencies:
      aws-sign2: 0.6.0
      aws4: 1.11.0
      bl: 1.1.2
      caseless: 0.11.0
      combined-stream: 1.0.8
      extend: 3.0.2
      forever-agent: 0.6.1
      form-data: 2.0.0
      har-validator: 2.0.6
      hawk: 3.1.3
      http-signature: 1.1.1
      is-typedarray: 1.0.0
      isstream: 0.1.2
      json-stringify-safe: 5.0.1
      mime-types: 2.1.34
      node-uuid: 1.4.8
      oauth-sign: 0.8.2
      qs: 6.2.4
      stringstream: 0.0.6
      tough-cookie: 2.3.4
      tunnel-agent: 0.4.3
    dev: false

  /resize-observer-polyfill/1.5.1:
    resolution: {integrity: sha512-LwZrotdHOo12nQuZlHEmtuXdqGoOD0OhaxopaNFxWzInpEgaLWoVuAMbTzixuosCx2nEG58ngzW3vxdWoxIgdg==}
    dev: true

  /resolve/1.22.0:
    resolution: {integrity: sha512-Hhtrw0nLeSrFQ7phPp4OOcVjLPIeMnRlr5mcnVuMe7M/7eBn98A3hmFRLoFo3DLZkivSYwhRUJTyPyWAk56WLw==}
    hasBin: true
    dependencies:
      is-core-module: 2.8.1
      path-parse: 1.0.7
      supports-preserve-symlinks-flag: 1.0.0
    dev: true

  /rollup/2.68.0:
    resolution: {integrity: sha512-XrMKOYK7oQcTio4wyTz466mucnd8LzkiZLozZ4Rz0zQD+HeX4nUK4B8GrTX/2EvN2/vBF/i2WnaXboPxo0JylA==}
    engines: {node: '>=10.0.0'}
    hasBin: true
    optionalDependencies:
      fsevents: 2.3.2
    dev: true

  /safer-buffer/2.1.2:
    resolution: {integrity: sha512-YZo3K82SD7Riyi0E1EQPojLz7kpepnSQI9IyPbHHg1XXXevb5dJI7tpyN2ADxGcQbHG7vcyRHk0cbwqcQriUtg==}

  /sax/1.2.4:
    resolution: {integrity: sha512-NqVDv9TpANUjFm0N8uM5GxL36UgKi9/atZw+x7YFnQ8ckwFGKrl4xX4yWtrey3UJm5nP1kUbnYgLopqWNSRhWw==}
    dev: true
    optional: true

  /seemly/0.3.3:
    resolution: {integrity: sha512-mAyqemz41e9HiZPMXAn7NtTExJgztwco5cdZjrt/iViU/oFeav+Q8K1c93M/tIZZ00QkT65JMr4xXQk7Vv5hWQ==}
    dependencies:
      '@types/jest': 27.4.1
    dev: true

  /semver/5.7.1:
    resolution: {integrity: sha512-sauaDf/PZdVgrLTNYHRtpXa1iRiKcaebiKQ1BJdpQlWH2lCvexQdX55snPFyK7QzpudqbCI0qXFfOasHdyNDGQ==}
    hasBin: true
    dev: true
    optional: true

  /sntp/1.0.9:
    resolution: {integrity: sha1-ZUEYTMkK7qbG57NeJlkIJEPGYZg=}
    engines: {node: '>=0.8.0'}
    deprecated: This module moved to @hapi/sntp. Please make sure to switch over as this distribution is no longer supported and may contain bugs and critical security issues.
    dependencies:
      hoek: 2.16.3
    dev: false

  /source-map-js/1.0.2:
    resolution: {integrity: sha512-R0XvVJ9WusLiqTCEiGCmICCMplcCkIwwR11mOSD9CR5u+IXYdiseeEuXCVAjS54zqwkLcPNnmU4OeJ6tUrWhDw==}
    engines: {node: '>=0.10.0'}

  /source-map/0.6.1:
    resolution: {integrity: sha512-UjgapumWlbMhkBgzT7Ykc5YXUT46F0iKu8SGXq0bcwP5dz/h0Plj6enJqjz1Zbq2l5WaqYnrVbwWOWMyF3F47g==}
    engines: {node: '>=0.10.0'}

  /sourcemap-codec/1.4.8:
    resolution: {integrity: sha512-9NykojV5Uih4lgo5So5dtw+f0JgJX30KCNI8gwhz2J9A15wD0Ml6tjHKwf6fTSa6fAdVBdZeNOs9eJ71qCk8vA==}

  /sshpk/1.17.0:
    resolution: {integrity: sha512-/9HIEs1ZXGhSPE8X6Ccm7Nam1z8KcoCqPdI7ecm1N33EzAetWahvQWVqLZtaZQ+IDKX4IyA2o0gBzqIMkAagHQ==}
    engines: {node: '>=0.10.0'}
    hasBin: true
    dependencies:
      asn1: 0.2.6
      assert-plus: 1.0.0
      bcrypt-pbkdf: 1.0.2
      dashdash: 1.14.1
      ecc-jsbn: 0.1.2
      getpass: 0.1.7
      jsbn: 0.1.1
      safer-buffer: 2.1.2
      tweetnacl: 0.14.5
    dev: false

  /string_decoder/0.10.31:
    resolution: {integrity: sha1-YuIDvEF2bGwoyfyEMB2rHFMQ+pQ=}
    dev: false

  /stringstream/0.0.6:
    resolution: {integrity: sha512-87GEBAkegbBcweToUrdzf3eLhWNg06FJTebl4BVJz/JgWy8CvEr9dRtX5qWphiynMSQlxxi+QqN0z5T32SLlhA==}
    dev: false

  /strip-ansi/3.0.1:
    resolution: {integrity: sha1-ajhfuIU9lS1f8F0Oiq+UJ43GPc8=}
    engines: {node: '>=0.10.0'}
    dependencies:
      ansi-regex: 2.1.1
    dev: false

  /supports-color/2.0.0:
    resolution: {integrity: sha1-U10EXOa2Nj+kARcIRimZXp3zJMc=}
    engines: {node: '>=0.8.0'}
    dev: false

  /supports-color/7.2.0:
    resolution: {integrity: sha512-qpCAvRl9stuOHveKsn7HncJRvv501qIacKzQlO/+Lwxc9+0q2wLyv4Dfvt80/DPn2pqOBsJdDiogXGR9+OvwRw==}
    engines: {node: '>=8'}
    dependencies:
      has-flag: 4.0.0
    dev: true

  /supports-preserve-symlinks-flag/1.0.0:
    resolution: {integrity: sha512-ot0WnXS9fgdkgIcePe6RHNk1WA8+muPa6cSjeR3V8K27q9BB1rTE3R1p7Hv0z1ZyAc8s6Vvv8DIyWf681MAt0w==}
    engines: {node: '>= 0.4'}
    dev: true

  /timespan/2.3.0:
    resolution: {integrity: sha1-SQLOBAvRPYRcj1myfp1ZutbzmSk=}
    engines: {node: '>= 0.2.0'}
    dev: false

  /tough-cookie/2.3.4:
    resolution: {integrity: sha512-TZ6TTfI5NtZnuyy/Kecv+CnoROnyXn2DN97LontgQpCwsX2XyLYCC0ENhYkehSOwAp8rTQKc/NUIF7BkQ5rKLA==}
    engines: {node: '>=0.8'}
    dependencies:
      punycode: 1.4.1
    dev: false

  /treemate/0.3.10:
    resolution: {integrity: sha512-uxN98H84/zXAkn02rEeip9SNnOR889QIBXfpZnwjaanp8JRElxjdmDaKmVULclrn54J8RcJVCqfeQZsdeMjwow==}
    dev: true

  /tslib/2.3.1:
    resolution: {integrity: sha512-77EbyPPpMz+FRFRuAFlWMtmgUWGe9UOG2Z25NqCwiIjRhOf5iKGuzSe5P2w1laq+FkRy4p+PCuVkJSGkzTEKVw==}
    dev: true

  /tunnel-agent/0.4.3:
    resolution: {integrity: sha1-Y3PbdpCf5XDgjXNYM2Xtgop07us=}
    dev: false

  /tweetnacl/0.14.5:
    resolution: {integrity: sha1-WuaBd/GS1EViadEIr6k/+HQ/T2Q=}
    dev: false

  /util-deprecate/1.0.2:
    resolution: {integrity: sha1-RQ1Nyfpw3nMnYvvS1KKJgUGaDM8=}
    dev: false

  /vdirs/0.1.7_vue@3.2.31:
    resolution: {integrity: sha512-MEUaLhV1jJyUqA2Ar4DfvlQx8jWs+PpCZ2dbM0ILelpMWGOybzt8ddL456VxeIbY/tkuDGT/Wzb8GG4LCuLuHw==}
    peerDependencies:
      vue: ^3.0.11
    dependencies:
      evtd: 0.2.3
      vue: 3.2.31
    dev: true

  /verror/1.10.0:
    resolution: {integrity: sha1-OhBcoXBTr1XW4nDB+CiGguGNpAA=}
    engines: {'0': node >=0.6.0}
    dependencies:
      assert-plus: 1.0.0
      core-util-is: 1.0.2
      extsprintf: 1.3.0
    dev: false

  /vfonts/0.0.3:
    resolution: {integrity: sha512-nguyw8L6Un8eelg1vQ31vIU2ESxqid7EYmy8V+MDeMaHBqaRSkg3dTBToC1PR00D89UzS/SLkfYPnx0Wf23IQQ==}
    dev: true

  /vfonts/0.1.0:
    resolution: {integrity: sha512-vQBcvntBlnAPonAkGNM8iJ9NxE3PucA+V2W95xiN75YJKxirLJvOws2kEyOEO45T4N+YTbQOCR2m77Y05pfVhQ==}
    dev: true

  /vite/2.8.5_less@4.1.2:
    resolution: {integrity: sha512-C/7EGNa1ugWejol6nOcd/0d8PR70Nzd+XXwsPbnNOfzZw0NN2xyXfmw/GNDHgr5fcaTSO4gjxCJCrwNhQUMhmA==}
    engines: {node: '>=12.2.0'}
    hasBin: true
    peerDependencies:
      less: '*'
      sass: '*'
      stylus: '*'
    peerDependenciesMeta:
      less:
        optional: true
      sass:
        optional: true
      stylus:
        optional: true
    dependencies:
      esbuild: 0.14.23
      less: 4.1.2
      postcss: 8.4.7
      resolve: 1.22.0
      rollup: 2.68.0
    optionalDependencies:
      fsevents: 2.3.2
    dev: true

  /vooks/0.2.12_vue@3.2.31:
    resolution: {integrity: sha512-iox0I3RZzxtKlcgYaStQYKEzWWGAduMmq+jS7OrNdQo1FgGfPMubGL3uGHOU9n97NIvfFDBGnpSvkWyb/NSn/Q==}
    peerDependencies:
      vue: ^3.0.0
    dependencies:
      evtd: 0.2.3
      vue: 3.2.31
    dev: true

  /vue/3.2.31:
    resolution: {integrity: sha512-odT3W2tcffTiQCy57nOT93INw1auq5lYLLYtWpPYQQYQOOdHiqFct9Xhna6GJ+pJQaF67yZABraH47oywkJgFw==}
    dependencies:
      '@vue/compiler-dom': 3.2.31
      '@vue/compiler-sfc': 3.2.31
      '@vue/runtime-dom': 3.2.31
      '@vue/server-renderer': 3.2.31_vue@3.2.31
      '@vue/shared': 3.2.31
    dev: false

  /vueuc/0.4.26_vue@3.2.31:
    resolution: {integrity: sha512-IK6TV4468k7Hpj1SXXPYelT/aYqmfa/SYTLFospwJ/uMebRExS1fh5tx6ZT3fSA0OkmCOHmmi2OGke+eSseAgw==}
    peerDependencies:
      vue: ^3.0.11
    dependencies:
      '@css-render/vue3-ssr': 0.15.8_vue@3.2.31
      css-render: 0.15.8
      evtd: 0.2.3
      resize-observer-polyfill: 1.5.1
      seemly: 0.3.3
      vdirs: 0.1.7_vue@3.2.31
      vooks: 0.2.12_vue@3.2.31
      vue: 3.2.31
    dev: true

  /web-vitals/1.1.2:
    resolution: {integrity: sha512-PFMKIY+bRSXlMxVAQ+m2aw9c/ioUYfDgrYot0YUa+/xa0sakubWhSDyxAKwzymvXVdF4CZI71g06W+mqhzu6ig==}
    dev: false

  /xtend/4.0.2:
    resolution: {integrity: sha512-LKYU1iAXJXUgAXn9URjiu+MWhyUXHsvfp7mcuYm9dSUKK0/CjtrUwFAxD82/mCWbtLsGjFIad0wIsod4zrTAEQ==}
    engines: {node: '>=0.4'}
    dev: false
